
Microsoft Visual Studio Solution File, Format Version 12.00
# Visual Studio 15
VisualStudioVersion = 15.0.27703.2035
MinimumVisualStudioVersion = 10.0.40219.1
Project("{FAE04EC0-301F-11D3-BF4B-00C04F79EFBC}") = "UseCalcPay", "UseCalcPay\UseCalcPay.csproj", "{038F8803-F711-44CE-A5CA-3CE9E4913DC4}"
EndProject
Global
	GlobalSection(SolutionConfigurationPlatforms) = preSolution
		Debug|Any CPU = Debug|Any CPU
		Release|Any CPU = Release|Any CPU
	EndGlobalSection
	GlobalSection(ProjectConfigurationPlatforms) = postSolution
		{038F8803-F711-44CE-A5CA-3CE9E4913DC4}.Debug|Any CPU.ActiveCfg = Debug|Any CPU
		{038F8803-F711-44CE-A5CA-3CE9E4913DC4}.Debug|Any CPU.Build.0 = Debug|Any CPU
		{038F8803-F711-44CE-A5CA-3CE9E4913DC4}.Release|Any CPU.ActiveCfg = Release|Any CPU
		{038F8803-F711-44CE-A5CA-3CE9E4913DC4}.Release|Any CPU.Build.0 = Release|Any CPU
	EndGlobalSection
	GlobalSection(SolutionProperties) = preSolution
		HideSolutionNode = FALSE
	EndGlobalSection
	GlobalSection(ExtensibilityGlobals) = postSolution
		SolutionGuid = {498E579C-9C18-450B-B7DC-972F900F9F00}
	EndGlobalSection
EndGlobal
