
Microsoft Visual Studio Solution File, Format Version 12.00
# Visual Studio 15
VisualStudioVersion = 15.0.27703.2035
MinimumVisualStudioVersion = 10.0.40219.1
Project("{FAE04EC0-301F-11D3-BF4B-00C04F79EFBC}") = "DebugSix01", "DebugSix01\DebugSix01.csproj", "{8BB293D3-62AE-4DED-97F2-BD486C764EEC}"
EndProject
Global
	GlobalSection(SolutionConfigurationPlatforms) = preSolution
		Debug|Any CPU = Debug|Any CPU
		Release|Any CPU = Release|Any CPU
	EndGlobalSection
	GlobalSection(ProjectConfigurationPlatforms) = postSolution
		{8BB293D3-62AE-4DED-97F2-BD486C764EEC}.Debug|Any CPU.ActiveCfg = Debug|Any CPU
		{8BB293D3-62AE-4DED-97F2-BD486C764EEC}.Debug|Any CPU.Build.0 = Debug|Any CPU
		{8BB293D3-62AE-4DED-97F2-BD486C764EEC}.Release|Any CPU.ActiveCfg = Release|Any CPU
		{8BB293D3-62AE-4DED-97F2-BD486C764EEC}.Release|Any CPU.Build.0 = Release|Any CPU
	EndGlobalSection
	GlobalSection(SolutionProperties) = preSolution
		HideSolutionNode = FALSE
	EndGlobalSection
	GlobalSection(ExtensibilityGlobals) = postSolution
		SolutionGuid = {C23BEB5E-1155-4AE5-9469-75EB61112263}
	EndGlobalSection
EndGlobal
